{
  "name": "codefiesta-web-app",
  "version": "1.0.0",
  "lockfileVersion": 2,
  "requires": true,
  "packages": {
    "": {
      "name": "codefiesta-web-app",
      "version": "1.0.0",
      "license": "ISC",
      "dependencies": {
        "@sanskrit-coders/sanscript": "^1.2.2"
      }
    },
    "node_modules/@sanskrit-coders/sanscript": {
      "version": "1.2.2",
      "resolved": "https://registry.npmjs.org/@sanskrit-coders/sanscript/-/sanscript-1.2.2.tgz",
      "integrity": "sha512-P5aTrcuaPJcmKhsucm1TzoAkNMj/+c3oO85zarOD4LDFvgthFChbkMnhOeKvMU6w2CYOvk6uJ57t9AIlx0og4Q==",
      "dependencies": {
        "toml": "^2.3.6"
      }
    },
    "node_modules/toml": {
      "version": "2.3.6",
      "resolved": "https://registry.npmjs.org/toml/-/toml-2.3.6.tgz",
      "integrity": "sha512-gVweAectJU3ebq//Ferr2JUY4WKSDe5N+z0FvjDncLGyHmIDoxgY/2Ie4qfEIDm4IS7OA6Rmdm7pdEEdMcV/xQ=="
    }
  },
  "dependencies": {
    "@sanskrit-coders/sanscript": {
      "version": "1.2.2",
      "resolved": "https://registry.npmjs.org/@sanskrit-coders/sanscript/-/sanscript-1.2.2.tgz",
      "integrity": "sha512-P5aTrcuaPJcmKhsucm1TzoAkNMj/+c3oO85zarOD4LDFvgthFChbkMnhOeKvMU6w2CYOvk6uJ57t9AIlx0og4Q==",
      "requires": {
        "toml": "^2.3.6"
      }
    },
    "toml": {
      "version": "2.3.6",
      "resolved": "https://registry.npmjs.org/toml/-/toml-2.3.6.tgz",
      "integrity": "sha512-gVweAectJU3ebq//Ferr2JUY4WKSDe5N+z0FvjDncLGyHmIDoxgY/2Ie4qfEIDm4IS7OA6Rmdm7pdEEdMcV/xQ=="
    }
  }
}
